
Microsoft Visual Studio Solution File, Format Version 12.00
# Visual Studio Version 18
VisualStudioVersion = 18.8.12021.73
MinimumVisualStudioVersion = 10.0.40219.1
Project("{FAE04EC0-301F-11D3-BF4B-00C04F79EFBC}") = "SG BAMS.Presentacion", "SG BAMS\SG BAMS.Presentacion.csproj", "{4B3F579F-C946-4FE7-8E12-24D386091CDD}"
EndProject
Project("{FAE04EC0-301F-11D3-BF4B-00C04F79EFBC}") = "SG_BAMS.Dominio", "SG_BAMS.Dominio\SG_BAMS.Dominio.csproj", "{573D72EC-DB36-4654-8C60-D577089E6FF7}"
EndProject
Project("{FAE04EC0-301F-11D3-BF4B-00C04F79EFBC}") = "SG_BAMS.LogicaNegocio", "SG_BAMS.LogicaNegocio\SG_BAMS.LogicaNegocio.csproj", "{19070759-3B50-4BD2-B51A-60E6D04BE085}"
EndProject
Project("{FAE04EC0-301F-11D3-BF4B-00C04F79EFBC}") = "SGBAMS.AccesoDatos", "SGBAMS.AccesoDatos\SGBAMS.AccesoDatos.csproj", "{90F45994-36CB-4E0F-BDD8-D8A6CB18A6CA}"
EndProject
Global
	GlobalSection(SolutionConfigurationPlatforms) = preSolution
		Debug|Any CPU = Debug|Any CPU
		Debug|x64 = Debug|x64
		Debug|x86 = Debug|x86
		Release|Any CPU = Release|Any CPU
		Release|x64 = Release|x64
		Release|x86 = Release|x86
	EndGlobalSection
	GlobalSection(ProjectConfigurationPlatforms) = postSolution
		{4B3F579F-C946-4FE7-8E12-24D386091CDD}.Debug|Any CPU.ActiveCfg = Debug|Any CPU
		{4B3F579F-C946-4FE7-8E12-24D386091CDD}.Debug|Any CPU.Build.0 = Debug|Any CPU
		{4B3F579F-C946-4FE7-8E12-24D386091CDD}.Debug|x64.ActiveCfg = Debug|Any CPU
		{4B3F579F-C946-4FE7-8E12-24D386091CDD}.Debug|x64.Build.0 = Debug|Any CPU
		{4B3F579F-C946-4FE7-8E12-24D386091CDD}.Debug|x86.ActiveCfg = Debug|Any CPU
		{4B3F579F-C946-4FE7-8E12-24D386091CDD}.Debug|x86.Build.0 = Debug|Any CPU
		{4B3F579F-C946-4FE7-8E12-24D386091CDD}.Release|Any CPU.ActiveCfg = Release|Any CPU
		{4B3F579F-C946-4FE7-8E12-24D386091CDD}.Release|Any CPU.Build.0 = Release|Any CPU
		{4B3F579F-C946-4FE7-8E12-24D386091CDD}.Release|x64.ActiveCfg = Release|Any CPU
		{4B3F579F-C946-4FE7-8E12-24D386091CDD}.Release|x64.Build.0 = Release|Any CPU
		{4B3F579F-C946-4FE7-8E12-24D386091CDD}.Release|x86.ActiveCfg = Release|Any CPU
		{4B3F579F-C946-4FE7-8E12-24D386091CDD}.Release|x86.Build.0 = Release|Any CPU
		{573D72EC-DB36-4654-8C60-D577089E6FF7}.Debug|Any CPU.ActiveCfg = Debug|Any CPU
		{573D72EC-DB36-4654-8C60-D577089E6FF7}.Debug|Any CPU.Build.0 = Debug|Any CPU
		{573D72EC-DB36-4654-8C60-D577089E6FF7}.Debug|x64.ActiveCfg = Debug|Any CPU
		{573D72EC-DB36-4654-8C60-D577089E6FF7}.Debug|x64.Build.0 = Debug|Any CPU
		{573D72EC-DB36-4654-8C60-D577089E6FF7}.Debug|x86.ActiveCfg = Debug|Any CPU
		{573D72EC-DB36-4654-8C60-D577089E6FF7}.Debug|x86.Build.0 = Debug|Any CPU
		{573D72EC-DB36-4654-8C60-D577089E6FF7}.Release|Any CPU.ActiveCfg = Release|Any CPU
		{573D72EC-DB36-4654-8C60-D577089E6FF7}.Release|Any CPU.Build.0 = Release|Any CPU
		{573D72EC-DB36-4654-8C60-D577089E6FF7}.Release|x64.ActiveCfg = Release|Any CPU
		{573D72EC-DB36-4654-8C60-D577089E6FF7}.Release|x64.Build.0 = Release|Any CPU
		{573D72EC-DB36-4654-8C60-D577089E6FF7}.Release|x86.ActiveCfg = Release|Any CPU
		{573D72EC-DB36-4654-8C60-D577089E6FF7}.Release|x86.Build.0 = Release|Any CPU
		{19070759-3B50-4BD2-B51A-60E6D04BE085}.Debug|Any CPU.ActiveCfg = Debug|Any CPU
		{19070759-3B50-4BD2-B51A-60E6D04BE085}.Debug|Any CPU.Build.0 = Debug|Any CPU
		{19070759-3B50-4BD2-B51A-60E6D04BE085}.Debug|x64.ActiveCfg = Debug|Any CPU
		{19070759-3B50-4BD2-B51A-60E6D04BE085}.Debug|x64.Build.0 = Debug|Any CPU
		{19070759-3B50-4BD2-B51A-60E6D04BE085}.Debug|x86.ActiveCfg = Debug|Any CPU
		{19070759-3B50-4BD2-B51A-60E6D04BE085}.Debug|x86.Build.0 = Debug|Any CPU
		{19070759-3B50-4BD2-B51A-60E6D04BE085}.Release|Any CPU.ActiveCfg = Release|Any CPU
		{19070759-3B50-4BD2-B51A-60E6D04BE085}.Release|Any CPU.Build.0 = Release|Any CPU
		{19070759-3B50-4BD2-B51A-60E6D04BE085}.Release|x64.ActiveCfg = Release|Any CPU
		{19070759-3B50-4BD2-B51A-60E6D04BE085}.Release|x64.Build.0 = Release|Any CPU
		{19070759-3B50-4BD2-B51A-60E6D04BE085}.Release|x86.ActiveCfg = Release|Any CPU
		{19070759-3B50-4BD2-B51A-60E6D04BE085}.Release|x86.Build.0 = Release|Any CPU
		{90F45994-36CB-4E0F-BDD8-D8A6CB18A6CA}.Debug|Any CPU.ActiveCfg = Debug|Any CPU
		{90F45994-36CB-4E0F-BDD8-D8A6CB18A6CA}.Debug|Any CPU.Build.0 = Debug|Any CPU
		{90F45994-36CB-4E0F-BDD8-D8A6CB18A6CA}.Debug|x64.ActiveCfg = Debug|Any CPU
		{90F45994-36CB-4E0F-BDD8-D8A6CB18A6CA}.Debug|x64.Build.0 = Debug|Any CPU
		{90F45994-36CB-4E0F-BDD8-D8A6CB18A6CA}.Debug|x86.ActiveCfg = Debug|Any CPU
		{90F45994-36CB-4E0F-BDD8-D8A6CB18A6CA}.Debug|x86.Build.0 = Debug|Any CPU
		{90F45994-36CB-4E0F-BDD8-D8A6CB18A6CA}.Release|Any CPU.ActiveCfg = Release|Any CPU
		{90F45994-36CB-4E0F-BDD8-D8A6CB18A6CA}.Release|Any CPU.Build.0 = Release|Any CPU
		{90F45994-36CB-4E0F-BDD8-D8A6CB18A6CA}.Release|x64.ActiveCfg = Release|Any CPU
		{90F45994-36CB-4E0F-BDD8-D8A6CB18A6CA}.Release|x64.Build.0 = Release|Any CPU
		{90F45994-36CB-4E0F-BDD8-D8A6CB18A6CA}.Release|x86.ActiveCfg = Release|Any CPU
		{90F45994-36CB-4E0F-BDD8-D8A6CB18A6CA}.Release|x86.Build.0 = Release|Any CPU
	EndGlobalSection
	GlobalSection(SolutionProperties) = preSolution
		HideSolutionNode = FALSE
	EndGlobalSection
	GlobalSection(ExtensibilityGlobals) = postSolution
		SolutionGuid = {E7B81495-36C4-4953-A324-EE5FD5F8D424}
	EndGlobalSection
EndGlobal
